
Microsoft Visual Studio Solution File, Format Version 12.00
# Visual Studio Version 17
VisualStudioVersion = 17.5.33502.453
MinimumVisualStudioVersion = 10.0.40219.1
Project("{FAE04EC0-301F-11D3-BF4B-00C04F79EFBC}") = "DesktopApp", "DesktopApp\DesktopApp.csproj", "{D01857A7-465F-4D3E-917A-082BB6BB6A52}"
EndProject
Project("{FAE04EC0-301F-11D3-BF4B-00C04F79EFBC}") = "WebAPI", "WebAPI\WebAPI.csproj", "{60F127A4-33A9-44E9-9395-EB339B98A270}"
EndProject
Global
	GlobalSection(SolutionConfigurationPlatforms) = preSolution
		Debug|Any CPU = Debug|Any CPU
		Release|Any CPU = Release|Any CPU
	EndGlobalSection
	GlobalSection(ProjectConfigurationPlatforms) = postSolution
		{D01857A7-465F-4D3E-917A-082BB6BB6A52}.Debug|Any CPU.ActiveCfg = Debug|Any CPU
		{D01857A7-465F-4D3E-917A-082BB6BB6A52}.Debug|Any CPU.Build.0 = Debug|Any CPU
		{D01857A7-465F-4D3E-917A-082BB6BB6A52}.Release|Any CPU.ActiveCfg = Release|Any CPU
		{D01857A7-465F-4D3E-917A-082BB6BB6A52}.Release|Any CPU.Build.0 = Release|Any CPU
		{60F127A4-33A9-44E9-9395-EB339B98A270}.Debug|Any CPU.ActiveCfg = Debug|Any CPU
		{60F127A4-33A9-44E9-9395-EB339B98A270}.Debug|Any CPU.Build.0 = Debug|Any CPU
		{60F127A4-33A9-44E9-9395-EB339B98A270}.Release|Any CPU.ActiveCfg = Release|Any CPU
		{60F127A4-33A9-44E9-9395-EB339B98A270}.Release|Any CPU.Build.0 = Release|Any CPU
	EndGlobalSection
	GlobalSection(SolutionProperties) = preSolution
		HideSolutionNode = FALSE
	EndGlobalSection
	GlobalSection(ExtensibilityGlobals) = postSolution
		SolutionGuid = {193DA5E3-065F-4E2C-90AD-06FC1F1F976C}
	EndGlobalSection
EndGlobal
